
Microsoft Visual Studio Solution File, Format Version 12.00
# Visual Studio Version 16
VisualStudioVersion = 16.0.30804.86
MinimumVisualStudioVersion = 10.0.40219.1
Project("{FAE04EC0-301F-11D3-BF4B-00C04F79EFBC}") = "SecureDesk", "SecureDesk\SecureDesk.csproj", "{C635AC56-6CBB-4E30-A548-E06574DE147E}"
EndProject
Global
	GlobalSection(SolutionConfigurationPlatforms) = preSolution
		Debug|Any CPU = Debug|Any CPU
		Release|Any CPU = Release|Any CPU
	EndGlobalSection
	GlobalSection(ProjectConfigurationPlatforms) = postSolution
		{C635AC56-6CBB-4E30-A548-E06574DE147E}.Debug|Any CPU.ActiveCfg = Debug|Any CPU
		{C635AC56-6CBB-4E30-A548-E06574DE147E}.Debug|Any CPU.Build.0 = Debug|Any CPU
		{C635AC56-6CBB-4E30-A548-E06574DE147E}.Release|Any CPU.ActiveCfg = Release|Any CPU
		{C635AC56-6CBB-4E30-A548-E06574DE147E}.Release|Any CPU.Build.0 = Release|Any CPU
	EndGlobalSection
	GlobalSection(SolutionProperties) = preSolution
		HideSolutionNode = FALSE
	EndGlobalSection
	GlobalSection(ExtensibilityGlobals) = postSolution
		SolutionGuid = {5E18E433-CD51-4F36-9D84-C7BF8208C60D}
	EndGlobalSection
EndGlobal
